{
  "name": "backend_old",
  "lockfileVersion": 2,
  "requires": true,
  "packages": {
    "": {
      "dependencies": {
        "@colyseus/schema": "^1.0.44"
      }
    },
    "node_modules/@colyseus/schema": {
      "version": "1.0.44",
      "resolved": "https://registry.npmjs.org/@colyseus/schema/-/schema-1.0.44.tgz",
      "integrity": "sha512-x15p+9emYBeNHIHi/mS+a+7H30kxmvvWPZD8aqNQNgfjyk1PSzbtBCwiKv2sQ1075jT0HWiQVCXh9OvyzxRymw==",
      "bin": {
        "schema-codegen": "bin/schema-codegen"
      }
    }
  },
  "dependencies": {
    "@colyseus/schema": {
      "version": "1.0.44",
      "resolved": "https://registry.npmjs.org/@colyseus/schema/-/schema-1.0.44.tgz",
      "integrity": "sha512-x15p+9emYBeNHIHi/mS+a+7H30kxmvvWPZD8aqNQNgfjyk1PSzbtBCwiKv2sQ1075jT0HWiQVCXh9OvyzxRymw=="
    }
  }
}
